Microsoft Visual Studio Solution File, Format Version 12.00
# Visual Studio Version 17
VisualStudioVersion = 17.5.2.0
MinimumVisualStudioVersion = 10.0.40219.1
Project("{FAE04EC0-301F-11D3-BF4B-00C04F79EFBC}") = "Haniya", "Haniya.csproj", "{5C7B216D-9AF2-C1E4-FF61-9DFA2848A467}"
EndProject
Global
	GlobalSection(SolutionConfigurationPlatforms) = preSolution
		Debug|Any CPU = Debug|Any CPU
		Release|Any CPU = Release|Any CPU
	EndGlobalSection
	GlobalSection(ProjectConfigurationPlatforms) = postSolution
		{5C7B216D-9AF2-C1E4-FF61-9DFA2848A467}.Debug|Any CPU.ActiveCfg = Debug|Any CPU
		{5C7B216D-9AF2-C1E4-FF61-9DFA2848A467}.Debug|Any CPU.Build.0 = Debug|Any CPU
		{5C7B216D-9AF2-C1E4-FF61-9DFA2848A467}.Release|Any CPU.ActiveCfg = Release|Any CPU
		{5C7B216D-9AF2-C1E4-FF61-9DFA2848A467}.Release|Any CPU.Build.0 = Release|Any CPU
	EndGlobalSection
	GlobalSection(SolutionProperties) = preSolution
		HideSolutionNode = FALSE
	EndGlobalSection
	GlobalSection(ExtensibilityGlobals) = postSolution
		SolutionGuid = {DC850D4E-4B94-42F4-9B8A-7EBAAA048B99}
	EndGlobalSection
EndGlobal
